
Microsoft Visual Studio Solution File, Format Version 12.00
# Visual Studio Version 16
VisualStudioVersion = 16.0.29519.181
MinimumVisualStudioVersion = 10.0.40219.1
Project("{FAE04EC0-301F-11D3-BF4B-00C04F79EFBC}") = "Bot", "Bot\Bot.csproj", "{FF4253AE-F8CD-43B6-B0ED-BC7E81E9606C}"
EndProject
Global
	GlobalSection(SolutionConfigurationPlatforms) = preSolution
		Debug|Any CPU = Debug|Any CPU
		Release|Any CPU = Release|Any CPU
	EndGlobalSection
	GlobalSection(ProjectConfigurationPlatforms) = postSolution
		{FF4253AE-F8CD-43B6-B0ED-BC7E81E9606C}.Debug|Any CPU.ActiveCfg = Debug|Any CPU
		{FF4253AE-F8CD-43B6-B0ED-BC7E81E9606C}.Debug|Any CPU.Build.0 = Debug|Any CPU
		{FF4253AE-F8CD-43B6-B0ED-BC7E81E9606C}.Release|Any CPU.ActiveCfg = Release|Any CPU
		{FF4253AE-F8CD-43B6-B0ED-BC7E81E9606C}.Release|Any CPU.Build.0 = Release|Any CPU
	EndGlobalSection
	GlobalSection(SolutionProperties) = preSolution
		HideSolutionNode = FALSE
	EndGlobalSection
	GlobalSection(ExtensibilityGlobals) = postSolution
		SolutionGuid = {5CB2B6A7-54CC-4A7D-BED3-1F1425735298}
	EndGlobalSection
EndGlobal
